
Microsoft Visual Studio Solution File, Format Version 12.00
# Visual Studio 15
VisualStudioVersion = 15.0.27428.2005
MinimumVisualStudioVersion = 10.0.40219.1
Project("{FAE04EC0-301F-11D3-BF4B-00C04F79EFBC}") = "WebAppIdentityServer", "WebAppIdentityServer\WebAppIdentityServer.csproj", "{52D51217-F612-4958-B1B8-FB1133322240}"
EndProject
Project("{E53339B2-1760-4266-BCC7-CA923CBCF16C}") = "docker-compose", "docker-compose.dcproj", "{050E62AC-BE0A-4431-90C8-A0E47DA74E02}"
EndProject
Project("{FAE04EC0-301F-11D3-BF4B-00C04F79EFBC}") = "AspNetCore.Auth.Web", "AspNetCore.Auth.Web\AspNetCore.Auth.Web.csproj", "{F9BB28A6-514C-4F4D-8B96-5BB47147F855}"
EndProject
Global
	GlobalSection(SolutionConfigurationPlatforms) = preSolution
		Debug|Any CPU = Debug|Any CPU
		Release|Any CPU = Release|Any CPU
	EndGlobalSection
	GlobalSection(ProjectConfigurationPlatforms) = postSolution
		{52D51217-F612-4958-B1B8-FB1133322240}.Debug|Any CPU.ActiveCfg = Debug|Any CPU
		{52D51217-F612-4958-B1B8-FB1133322240}.Debug|Any CPU.Build.0 = Debug|Any CPU
		{52D51217-F612-4958-B1B8-FB1133322240}.Release|Any CPU.ActiveCfg = Release|Any CPU
		{52D51217-F612-4958-B1B8-FB1133322240}.Release|Any CPU.Build.0 = Release|Any CPU
		{050E62AC-BE0A-4431-90C8-A0E47DA74E02}.Debug|Any CPU.ActiveCfg = Debug|Any CPU
		{050E62AC-BE0A-4431-90C8-A0E47DA74E02}.Debug|Any CPU.Build.0 = Debug|Any CPU
		{050E62AC-BE0A-4431-90C8-A0E47DA74E02}.Release|Any CPU.ActiveCfg = Release|Any CPU
		{050E62AC-BE0A-4431-90C8-A0E47DA74E02}.Release|Any CPU.Build.0 = Release|Any CPU
		{F9BB28A6-514C-4F4D-8B96-5BB47147F855}.Debug|Any CPU.ActiveCfg = Debug|Any CPU
		{F9BB28A6-514C-4F4D-8B96-5BB47147F855}.Debug|Any CPU.Build.0 = Debug|Any CPU
		{F9BB28A6-514C-4F4D-8B96-5BB47147F855}.Release|Any CPU.ActiveCfg = Release|Any CPU
		{F9BB28A6-514C-4F4D-8B96-5BB47147F855}.Release|Any CPU.Build.0 = Release|Any CPU
	EndGlobalSection
	GlobalSection(SolutionProperties) = preSolution
		HideSolutionNode = FALSE
	EndGlobalSection
	GlobalSection(ExtensibilityGlobals) = postSolution
		SolutionGuid = {9D47AED7-EDE4-4F44-A027-3CA3EF3E0DA3}
	EndGlobalSection
EndGlobal
